# @generated - this file is auto-generated by `mise lock` https://mise.jdx.dev/dev-tools/mise-lock.html

[[tools."aqua:anthropics/claude-code"]]
version = "2.1.68"
backend = "aqua:anthropics/claude-code"

[tools."aqua:anthropics/claude-code"."platforms.linux-arm64"]
url = "https://storage.googleapis.com/claude-code-dist-86c565f3-f756-42ad-8dfa-d59b1c096819/claude-code-releases/2.1.68/linux-arm64/claude"

[tools."aqua:anthropics/claude-code"."platforms.linux-arm64-musl"]
url = "https://storage.googleapis.com/claude-code-dist-86c565f3-f756-42ad-8dfa-d59b1c096819/claude-code-releases/2.1.68/linux-arm64/claude"

[tools."aqua:anthropics/claude-code"."platforms.linux-x64"]
url = "https://storage.googleapis.com/claude-code-dist-86c565f3-f756-42ad-8dfa-d59b1c096819/claude-code-releases/2.1.68/linux-x64/claude"

[tools."aqua:anthropics/claude-code"."platforms.linux-x64-musl"]
url = "https://storage.googleapis.com/claude-code-dist-86c565f3-f756-42ad-8dfa-d59b1c096819/claude-code-releases/2.1.68/linux-x64/claude"

[tools."aqua:anthropics/claude-code"."platforms.macos-arm64"]
url = "https://storage.googleapis.com/claude-code-dist-86c565f3-f756-42ad-8dfa-d59b1c096819/claude-code-releases/2.1.68/darwin-arm64/claude"

[tools."aqua:anthropics/claude-code"."platforms.macos-x64"]
url = "https://storage.googleapis.com/claude-code-dist-86c565f3-f756-42ad-8dfa-d59b1c096819/claude-code-releases/2.1.68/darwin-x64/claude"

[[tools."aqua:danielfoehrKn/kubeswitch"]]
version = "0.9.3"
backend = "aqua:danielfoehrKn/kubeswitch"

[tools."aqua:danielfoehrKn/kubeswitch"."platforms.linux-arm64"]
url = "https://github.com/danielfoehrKn/kubeswitch/releases/download/0.9.3/switcher_linux_arm64"

[tools."aqua:danielfoehrKn/kubeswitch"."platforms.linux-arm64-musl"]
url = "https://github.com/danielfoehrKn/kubeswitch/releases/download/0.9.3/switcher_linux_arm64"

[tools."aqua:danielfoehrKn/kubeswitch"."platforms.linux-x64"]
url = "https://github.com/danielfoehrKn/kubeswitch/releases/download/0.9.3/switcher_linux_amd64"

[tools."aqua:danielfoehrKn/kubeswitch"."platforms.linux-x64-musl"]
url = "https://github.com/danielfoehrKn/kubeswitch/releases/download/0.9.3/switcher_linux_amd64"

[tools."aqua:danielfoehrKn/kubeswitch"."platforms.macos-arm64"]
url = "https://github.com/danielfoehrKn/kubeswitch/releases/download/0.9.3/switcher_darwin_arm64"

[tools."aqua:danielfoehrKn/kubeswitch"."platforms.macos-x64"]
url = "https://github.com/danielfoehrKn/kubeswitch/releases/download/0.9.3/switcher_darwin_amd64"

[tools."aqua:danielfoehrKn/kubeswitch"."platforms.windows-x64"]
url = "https://github.com/danielfoehrKn/kubeswitch/releases/download/0.9.3/switcher_windows_amd64.exe"

[[tools."aqua:neovim/neovim"]]
version = "0.11.6"
backend = "aqua:neovim/neovim"

[tools."aqua:neovim/neovim"."platforms.linux-arm64"]
checksum = "sha256:8ddc0c101846145e830b17bbca50782ca9307eee4fab539d9e2ddaf8793c06f1"
url = "https://github.com/neovim/neovim/releases/download/v0.11.6/nvim-linux-arm64.tar.gz"

[tools."aqua:neovim/neovim"."platforms.linux-arm64-musl"]
checksum = "sha256:8ddc0c101846145e830b17bbca50782ca9307eee4fab539d9e2ddaf8793c06f1"
url = "https://github.com/neovim/neovim/releases/download/v0.11.6/nvim-linux-arm64.tar.gz"

[tools."aqua:neovim/neovim"."platforms.linux-x64"]
checksum = "sha256:2fc90b962327f73a78afbfb8203fd19db8db9cdf4ee5e2bef84704339add89cc"
url = "https://github.com/neovim/neovim/releases/download/v0.11.6/nvim-linux-x86_64.tar.gz"

[tools."aqua:neovim/neovim"."platforms.linux-x64-musl"]
checksum = "sha256:2fc90b962327f73a78afbfb8203fd19db8db9cdf4ee5e2bef84704339add89cc"
url = "https://github.com/neovim/neovim/releases/download/v0.11.6/nvim-linux-x86_64.tar.gz"

[tools."aqua:neovim/neovim"."platforms.macos-arm64"]
checksum = "sha256:d5ee93b67630d5a87f3d336d0f7e8b2fe6973aa653d3cc93b82b820e6538c1dd"
url = "https://github.com/neovim/neovim/releases/download/v0.11.6/nvim-macos-arm64.tar.gz"

[tools."aqua:neovim/neovim"."platforms.macos-x64"]
checksum = "sha256:6e665bb0a711cf974050e0f7183dbb696b1e7425814eb87df7cb094a49054a06"
url = "https://github.com/neovim/neovim/releases/download/v0.11.6/nvim-macos-x86_64.tar.gz"

[tools."aqua:neovim/neovim"."platforms.windows-x64"]
checksum = "sha256:90fc6d7cdf3d3388737caab1e2c554aa24b468f3a5cc38ef63857ddf1103513c"
url = "https://github.com/neovim/neovim/releases/download/v0.11.6/nvim-win64.zip"

[[tools."aqua:openai/codex"]]
version = "0.113.0"
backend = "aqua:openai/codex"

[tools."aqua:openai/codex"."platforms.linux-arm64"]
checksum = "sha256:914f582aba68649854698f4ca9726228265e4295248fff1445c4848d5dc22458"
url = "https://github.com/openai/codex/releases/download/rust-v0.113.0/codex-aarch64-unknown-linux-musl.zst"

[tools."aqua:openai/codex"."platforms.linux-arm64-musl"]
checksum = "sha256:914f582aba68649854698f4ca9726228265e4295248fff1445c4848d5dc22458"
url = "https://github.com/openai/codex/releases/download/rust-v0.113.0/codex-aarch64-unknown-linux-musl.zst"

[tools."aqua:openai/codex"."platforms.linux-x64"]
checksum = "sha256:ae4555100d001c7d65871900dcca058ac2c6a3223faaa1836e000d034ce5e5c4"
url = "https://github.com/openai/codex/releases/download/rust-v0.113.0/codex-x86_64-unknown-linux-musl.zst"

[tools."aqua:openai/codex"."platforms.linux-x64-musl"]
checksum = "sha256:ae4555100d001c7d65871900dcca058ac2c6a3223faaa1836e000d034ce5e5c4"
url = "https://github.com/openai/codex/releases/download/rust-v0.113.0/codex-x86_64-unknown-linux-musl.zst"

[tools."aqua:openai/codex"."platforms.macos-arm64"]
checksum = "sha256:c1203770c38148289e747227cc22a19f13618c6e95f7aa523bcf6a60687fe940"
url = "https://github.com/openai/codex/releases/download/rust-v0.113.0/codex-aarch64-apple-darwin.zst"

[tools."aqua:openai/codex"."platforms.macos-x64"]
checksum = "sha256:01ffb136a604b1ff792c53e34e007a8b3f952ecf5225c9780ca8f84900b3b798"
url = "https://github.com/openai/codex/releases/download/rust-v0.113.0/codex-x86_64-apple-darwin.zst"

[tools."aqua:openai/codex"."platforms.windows-x64"]
checksum = "sha256:df7d6994dd19c9309a2c7e6f9e67c8256fdc27a9f14c0afc70d1271b514bb72d"
url = "https://github.com/openai/codex/releases/download/rust-v0.113.0/codex-x86_64-pc-windows-msvc.exe.zst"

[[tools.aws-cli]]
version = "2.34.5"
backend = "aqua:aws/aws-cli"

[tools.aws-cli."platforms.linux-arm64"]
url = "https://awscli.amazonaws.com/awscli-exe-linux-aarch64-2.34.5.zip"

[tools.aws-cli."platforms.linux-arm64-musl"]
url = "https://awscli.amazonaws.com/awscli-exe-linux-aarch64-2.34.5.zip"

[tools.aws-cli."platforms.linux-x64"]
url = "https://awscli.amazonaws.com/awscli-exe-linux-x86_64-2.34.5.zip"

[tools.aws-cli."platforms.linux-x64-musl"]
url = "https://awscli.amazonaws.com/awscli-exe-linux-x86_64-2.34.5.zip"

[tools.aws-cli."platforms.macos-arm64"]
url = "https://awscli.amazonaws.com/AWSCLIV2-2.34.5.pkg"

[tools.aws-cli."platforms.macos-x64"]
url = "https://awscli.amazonaws.com/AWSCLIV2-2.34.5.pkg"

[[tools.fd]]
version = "10.4.2"
backend = "aqua:sharkdp/fd"

[tools.fd."platforms.linux-arm64"]
checksum = "sha256:f32d3657473fba74e2600babc8db0b93420d51169223b7e8143b2ed55d8fd9e8"
url = "https://github.com/sharkdp/fd/releases/download/v10.4.2/fd-v10.4.2-aarch64-unknown-linux-musl.tar.gz"

[tools.fd."platforms.linux-arm64-musl"]
checksum = "sha256:f32d3657473fba74e2600babc8db0b93420d51169223b7e8143b2ed55d8fd9e8"
url = "https://github.com/sharkdp/fd/releases/download/v10.4.2/fd-v10.4.2-aarch64-unknown-linux-musl.tar.gz"

[tools.fd."platforms.linux-x64"]
checksum = "sha256:e3257d48e29a6be965187dbd24ce9af564e0fe67b3e73c9bdcd180f4ec11bdde"
url = "https://github.com/sharkdp/fd/releases/download/v10.4.2/fd-v10.4.2-x86_64-unknown-linux-musl.tar.gz"

[tools.fd."platforms.linux-x64-musl"]
checksum = "sha256:e3257d48e29a6be965187dbd24ce9af564e0fe67b3e73c9bdcd180f4ec11bdde"
url = "https://github.com/sharkdp/fd/releases/download/v10.4.2/fd-v10.4.2-x86_64-unknown-linux-musl.tar.gz"

[tools.fd."platforms.macos-arm64"]
checksum = "sha256:623dc0afc81b92e4d4606b380d7bc91916ba7b97814263e554d50923a39e480a"
url = "https://github.com/sharkdp/fd/releases/download/v10.4.2/fd-v10.4.2-aarch64-apple-darwin.tar.gz"

[tools.fd."platforms.windows-x64"]
checksum = "sha256:b2816e506390a89941c63c9187d58a3cc10e9a55f2ef0685f9ea0eccaf7c98c8"
url = "https://github.com/sharkdp/fd/releases/download/v10.4.2/fd-v10.4.2-x86_64-pc-windows-msvc.zip"

[[tools.fzf]]
version = "0.70.0"
backend = "aqua:junegunn/fzf"

[tools.fzf."platforms.linux-arm64"]
checksum = "sha256:90a07a13b61f56dd59ccfd0f0bf05070e9cec067713d313fa2607aab2dc0e422"
url = "https://github.com/junegunn/fzf/releases/download/v0.70.0/fzf-0.70.0-linux_arm64.tar.gz"

[tools.fzf."platforms.linux-arm64-musl"]
checksum = "sha256:90a07a13b61f56dd59ccfd0f0bf05070e9cec067713d313fa2607aab2dc0e422"
url = "https://github.com/junegunn/fzf/releases/download/v0.70.0/fzf-0.70.0-linux_arm64.tar.gz"

[tools.fzf."platforms.linux-x64"]
checksum = "sha256:8fd0e0b93bdf64ba90081ffb6658d77ea5a024c122b36852b1de30f9d2733754"
url = "https://github.com/junegunn/fzf/releases/download/v0.70.0/fzf-0.70.0-linux_amd64.tar.gz"

[tools.fzf."platforms.linux-x64-musl"]
checksum = "sha256:8fd0e0b93bdf64ba90081ffb6658d77ea5a024c122b36852b1de30f9d2733754"
url = "https://github.com/junegunn/fzf/releases/download/v0.70.0/fzf-0.70.0-linux_amd64.tar.gz"

[tools.fzf."platforms.macos-arm64"]
checksum = "sha256:75f4905c2e3d00666d81dffdd001bb2a9a8e0ad4e4ac8cecfc17a7401b99e6e4"
url = "https://github.com/junegunn/fzf/releases/download/v0.70.0/fzf-0.70.0-darwin_arm64.tar.gz"

[tools.fzf."platforms.macos-x64"]
checksum = "sha256:46af74cfeb171c5e2eb936096a653061a0de0f5aeb70319bf9935d8d193e078f"
url = "https://github.com/junegunn/fzf/releases/download/v0.70.0/fzf-0.70.0-darwin_amd64.tar.gz"

[tools.fzf."platforms.windows-x64"]
checksum = "sha256:7465a6738e2c844742df973459c7509aed2d10d7a72bfd6de201b867b4eda4cd"
url = "https://github.com/junegunn/fzf/releases/download/v0.70.0/fzf-0.70.0-windows_amd64.zip"

[[tools.gh]]
version = "2.87.3"
backend = "aqua:cli/cli"

[tools.gh."platforms.linux-arm64"]
checksum = "sha256:5f5d89563bf26751e2173b37e594065504e85b6b781c1f1832d24bf2c2b4554f"
url = "https://github.com/cli/cli/releases/download/v2.87.3/gh_2.87.3_linux_arm64.tar.gz"

[tools.gh."platforms.linux-arm64-musl"]
checksum = "sha256:5f5d89563bf26751e2173b37e594065504e85b6b781c1f1832d24bf2c2b4554f"
url = "https://github.com/cli/cli/releases/download/v2.87.3/gh_2.87.3_linux_arm64.tar.gz"

[tools.gh."platforms.linux-x64"]
checksum = "sha256:c6e5537631fca45f277ef405ce8751d139b491e9402cc20891a003525a8773b2"
url = "https://github.com/cli/cli/releases/download/v2.87.3/gh_2.87.3_linux_amd64.tar.gz"

[tools.gh."platforms.linux-x64-musl"]
checksum = "sha256:c6e5537631fca45f277ef405ce8751d139b491e9402cc20891a003525a8773b2"
url = "https://github.com/cli/cli/releases/download/v2.87.3/gh_2.87.3_linux_amd64.tar.gz"

[tools.gh."platforms.macos-arm64"]
checksum = "sha256:dedfc6f569e9dbc5b92d47dce44acadbdf5b6b7a861510db0c748dfac55002f6"
url = "https://github.com/cli/cli/releases/download/v2.87.3/gh_2.87.3_macOS_arm64.zip"

[tools.gh."platforms.macos-x64"]
checksum = "sha256:7b8d5495fe9689494b1c69559c0d28209bc057bb028008e903ec4b3e19bd8c75"
url = "https://github.com/cli/cli/releases/download/v2.87.3/gh_2.87.3_macOS_amd64.zip"

[tools.gh."platforms.windows-x64"]
checksum = "sha256:c590bcb488f80a85c8febd5cde27edd68fdd481bd004aaf9adc50dcf1b21c09c"
url = "https://github.com/cli/cli/releases/download/v2.87.3/gh_2.87.3_windows_amd64.zip"

[[tools."github:isovalent/cilium-cli-releases"]]
version = "0.19.2-cee.1"
backend = "github:isovalent/cilium-cli-releases"

[tools."github:isovalent/cilium-cli-releases"."platforms.linux-arm64"]
checksum = "sha256:b51ec969ef925da903801059f4dff8995433205a282900f888a1345dc91d46a6"
url = "https://github.com/isovalent/cilium-cli-releases/releases/download/v0.19.2-cee.1/cilium-linux-arm64.tar.gz"
url_api = "https://api.github.com/repos/isovalent/cilium-cli-releases/releases/assets/369993157"

[tools."github:isovalent/cilium-cli-releases"."platforms.linux-arm64-musl"]
checksum = "sha256:b51ec969ef925da903801059f4dff8995433205a282900f888a1345dc91d46a6"
url = "https://github.com/isovalent/cilium-cli-releases/releases/download/v0.19.2-cee.1/cilium-linux-arm64.tar.gz"
url_api = "https://api.github.com/repos/isovalent/cilium-cli-releases/releases/assets/369993157"

[tools."github:isovalent/cilium-cli-releases"."platforms.linux-x64"]
checksum = "sha256:d2d2a9b37e13ce40c11ad9040ea46f8f0e2c4df1191b449b32dc37117fe89bf5"
url = "https://github.com/isovalent/cilium-cli-releases/releases/download/v0.19.2-cee.1/cilium-linux-amd64.tar.gz"
url_api = "https://api.github.com/repos/isovalent/cilium-cli-releases/releases/assets/369993152"

[tools."github:isovalent/cilium-cli-releases"."platforms.linux-x64-musl"]
checksum = "sha256:d2d2a9b37e13ce40c11ad9040ea46f8f0e2c4df1191b449b32dc37117fe89bf5"
url = "https://github.com/isovalent/cilium-cli-releases/releases/download/v0.19.2-cee.1/cilium-linux-amd64.tar.gz"
url_api = "https://api.github.com/repos/isovalent/cilium-cli-releases/releases/assets/369993152"

[tools."github:isovalent/cilium-cli-releases"."platforms.macos-arm64"]
checksum = "sha256:523f4a37008fc58198044415af2340ada3291e44f9c5bd0fbfc1a3c88450c7b9"
url = "https://github.com/isovalent/cilium-cli-releases/releases/download/v0.19.2-cee.1/cilium-darwin-arm64.tar.gz"
url_api = "https://api.github.com/repos/isovalent/cilium-cli-releases/releases/assets/369993148"

[tools."github:isovalent/cilium-cli-releases"."platforms.macos-x64"]
checksum = "sha256:b37d9d9ce584989b753f9ca9299c23615488985c5c9f70eb17744ea650249495"
url = "https://github.com/isovalent/cilium-cli-releases/releases/download/v0.19.2-cee.1/cilium-darwin-amd64.tar.gz"
url_api = "https://api.github.com/repos/isovalent/cilium-cli-releases/releases/assets/369993145"

[tools."github:isovalent/cilium-cli-releases"."platforms.windows-x64"]
checksum = "sha256:225a7cca816715898fa7bb3d5a4c5c48ddde126e1955f60a5a46c2c62c0d312d"
url = "https://github.com/isovalent/cilium-cli-releases/releases/download/v0.19.2-cee.1/cilium-windows-amd64.zip"
url_api = "https://api.github.com/repos/isovalent/cilium-cli-releases/releases/assets/369993149"

[[tools."github:isovalent/hubble-releases"]]
version = "1.17.9-cee.1"
backend = "github:isovalent/hubble-releases"

[tools."github:isovalent/hubble-releases"."platforms.linux-arm64"]
checksum = "sha256:a15334bf18084d9bf21a5d6829fb91f5f2e9110349941513817976b360764a88"
url = "https://github.com/isovalent/hubble-releases/releases/download/v1.17.9-cee.1/hubble-linux-arm64.tar.gz"
url_api = "https://api.github.com/repos/isovalent/hubble-releases/releases/assets/307950159"

[tools."github:isovalent/hubble-releases"."platforms.linux-arm64-musl"]
checksum = "sha256:a15334bf18084d9bf21a5d6829fb91f5f2e9110349941513817976b360764a88"
url = "https://github.com/isovalent/hubble-releases/releases/download/v1.17.9-cee.1/hubble-linux-arm64.tar.gz"
url_api = "https://api.github.com/repos/isovalent/hubble-releases/releases/assets/307950159"

[tools."github:isovalent/hubble-releases"."platforms.linux-x64"]
checksum = "sha256:d75d0ce1929f57266b3e37544f28404d2c6301daee764da09f6dfddbdfaabd27"
url = "https://github.com/isovalent/hubble-releases/releases/download/v1.17.9-cee.1/hubble-linux-amd64.tar.gz"
url_api = "https://api.github.com/repos/isovalent/hubble-releases/releases/assets/307950157"

[tools."github:isovalent/hubble-releases"."platforms.linux-x64-musl"]
checksum = "sha256:d75d0ce1929f57266b3e37544f28404d2c6301daee764da09f6dfddbdfaabd27"
url = "https://github.com/isovalent/hubble-releases/releases/download/v1.17.9-cee.1/hubble-linux-amd64.tar.gz"
url_api = "https://api.github.com/repos/isovalent/hubble-releases/releases/assets/307950157"

[tools."github:isovalent/hubble-releases"."platforms.macos-arm64"]
checksum = "sha256:42bdd8cc9b71a10e66382e6798a2e777e553419e893475afc122a20edaeda7a1"
url = "https://github.com/isovalent/hubble-releases/releases/download/v1.17.9-cee.1/hubble-darwin-arm64.tar.gz"
url_api = "https://api.github.com/repos/isovalent/hubble-releases/releases/assets/307950158"

[tools."github:isovalent/hubble-releases"."platforms.macos-x64"]
checksum = "sha256:5bd0f8608e3c1255876af2fde87eba4c06e05a46ebe94018a0415cd97516be10"
url = "https://github.com/isovalent/hubble-releases/releases/download/v1.17.9-cee.1/hubble-darwin-amd64.tar.gz"
url_api = "https://api.github.com/repos/isovalent/hubble-releases/releases/assets/307950161"

[tools."github:isovalent/hubble-releases"."platforms.windows-x64"]
checksum = "sha256:5bedb16a128a4056c3ccd6a370e80db0d1e6dbb84abccc7fc3f76ddeae910a80"
url = "https://github.com/isovalent/hubble-releases/releases/download/v1.17.9-cee.1/hubble-windows-amd64.tar.gz"
url_api = "https://api.github.com/repos/isovalent/hubble-releases/releases/assets/307950155"

[[tools.go]]
version = "1.24.13"
backend = "core:go"

[tools.go."platforms.linux-arm64"]
checksum = "sha256:74d97be1cc3a474129590c67ebf748a96e72d9f3a2b6fef3ed3275de591d49b3"
url = "https://dl.google.com/go/go1.24.13.linux-arm64.tar.gz"

[tools.go."platforms.linux-arm64-musl"]
checksum = "sha256:74d97be1cc3a474129590c67ebf748a96e72d9f3a2b6fef3ed3275de591d49b3"
url = "https://dl.google.com/go/go1.24.13.linux-arm64.tar.gz"

[tools.go."platforms.linux-x64"]
checksum = "sha256:1fc94b57134d51669c72173ad5d49fd62afb0f1db9bf3f798fd98ee423f8d730"
url = "https://dl.google.com/go/go1.24.13.linux-amd64.tar.gz"

[tools.go."platforms.linux-x64-musl"]
checksum = "sha256:1fc94b57134d51669c72173ad5d49fd62afb0f1db9bf3f798fd98ee423f8d730"
url = "https://dl.google.com/go/go1.24.13.linux-amd64.tar.gz"

[tools.go."platforms.macos-arm64"]
checksum = "sha256:f282d882c3353485e2fc6c634606d85caf36e855167d59b996dbeae19fa7629a"
url = "https://dl.google.com/go/go1.24.13.darwin-arm64.tar.gz"

[tools.go."platforms.macos-x64"]
checksum = "sha256:6cc6549b06725220b342b740497ffd24e0ebdcef75781a77931ca199f46ad781"
url = "https://dl.google.com/go/go1.24.13.darwin-amd64.tar.gz"

[tools.go."platforms.windows-x64"]
checksum = "sha256:40b16bc8f00540a2cb02dff4de72b73e966fdd8d65f95e33d8e4080b48a2459a"
url = "https://dl.google.com/go/go1.24.13.windows-amd64.zip"

[[tools.go]]
version = "1.25.8"
backend = "core:go"

[tools.go."platforms.linux-arm64"]
checksum = "sha256:7d137f59f66bb93f40a6b2b11e713adc2a9d0c8d9ae581718e3fad19e5295dc7"
url = "https://dl.google.com/go/go1.25.8.linux-arm64.tar.gz"

[tools.go."platforms.linux-arm64-musl"]
checksum = "sha256:7d137f59f66bb93f40a6b2b11e713adc2a9d0c8d9ae581718e3fad19e5295dc7"
url = "https://dl.google.com/go/go1.25.8.linux-arm64.tar.gz"

[tools.go."platforms.linux-x64"]
checksum = "sha256:ceb5e041bbc3893846bd1614d76cb4681c91dadee579426cf21a63f2d7e03be6"
url = "https://dl.google.com/go/go1.25.8.linux-amd64.tar.gz"

[tools.go."platforms.linux-x64-musl"]
checksum = "sha256:ceb5e041bbc3893846bd1614d76cb4681c91dadee579426cf21a63f2d7e03be6"
url = "https://dl.google.com/go/go1.25.8.linux-amd64.tar.gz"

[tools.go."platforms.macos-arm64"]
checksum = "sha256:c6547959f5dbe8440bf3da972bd65ba900168de5e7ab01464fbdc7ac8375c21c"
url = "https://dl.google.com/go/go1.25.8.darwin-arm64.tar.gz"

[tools.go."platforms.macos-x64"]
checksum = "sha256:a0b8136598baf192af400051cee2481ffb407f4c113a81ff400896e26cbce9e4"
url = "https://dl.google.com/go/go1.25.8.darwin-amd64.tar.gz"

[tools.go."platforms.windows-x64"]
checksum = "sha256:8d4ed9a270b33df7a6d3ff3a5316e103e0042fcc4f0c9a80e40378700bab6794"
url = "https://dl.google.com/go/go1.25.8.windows-amd64.zip"

[[tools.go]]
version = "1.26.1"
backend = "core:go"

[tools.go."platforms.linux-arm64"]
checksum = "sha256:a290581cfe4fe28ddd737dde3095f3dbeb7f2e4065cab4eae44dfc53b760c2f7"
url = "https://dl.google.com/go/go1.26.1.linux-arm64.tar.gz"

[tools.go."platforms.linux-arm64-musl"]
checksum = "sha256:a290581cfe4fe28ddd737dde3095f3dbeb7f2e4065cab4eae44dfc53b760c2f7"
url = "https://dl.google.com/go/go1.26.1.linux-arm64.tar.gz"

[tools.go."platforms.linux-x64"]
checksum = "sha256:031f088e5d955bab8657ede27ad4e3bc5b7c1ba281f05f245bcc304f327c987a"
url = "https://dl.google.com/go/go1.26.1.linux-amd64.tar.gz"

[tools.go."platforms.linux-x64-musl"]
checksum = "sha256:031f088e5d955bab8657ede27ad4e3bc5b7c1ba281f05f245bcc304f327c987a"
url = "https://dl.google.com/go/go1.26.1.linux-amd64.tar.gz"

[tools.go."platforms.macos-arm64"]
checksum = "sha256:353df43a7811ce284c8938b5f3c7df40b7bfb6f56cb165b150bc40b5e2dd541f"
url = "https://dl.google.com/go/go1.26.1.darwin-arm64.tar.gz"

[tools.go."platforms.macos-x64"]
checksum = "sha256:65773dab2f8cc4cd23d93ba6d0a805de150ca0b78378879292be0b903b8cdd08"
url = "https://dl.google.com/go/go1.26.1.darwin-amd64.tar.gz"

[tools.go."platforms.windows-x64"]
checksum = "sha256:9b68112c913f45b7aebbf13c036721264bbba7e03a642f8f7490c561eebd1ecc"
url = "https://dl.google.com/go/go1.26.1.windows-amd64.zip"

[[tools."go:gotest.tools/gotestsum"]]
version = "1.13.0"
backend = "go:gotest.tools/gotestsum"

[[tools.golangci-lint]]
version = "2.11.3"
backend = "aqua:golangci/golangci-lint"

[tools.golangci-lint."platforms.linux-arm64"]
checksum = "sha256:ee3d95f301359e7d578e6d99c8ad5aeadbabc5a13009a30b2b0df11c8058afe9"
url = "https://github.com/golangci/golangci-lint/releases/download/v2.11.3/golangci-lint-2.11.3-linux-arm64.tar.gz"

[tools.golangci-lint."platforms.linux-arm64-musl"]
checksum = "sha256:ee3d95f301359e7d578e6d99c8ad5aeadbabc5a13009a30b2b0df11c8058afe9"
url = "https://github.com/golangci/golangci-lint/releases/download/v2.11.3/golangci-lint-2.11.3-linux-arm64.tar.gz"

[tools.golangci-lint."platforms.linux-x64"]
checksum = "sha256:87bb8cddbcc825d5778b64e8a91b46c0526b247f4e2f2904dea74ec7450475d1"
url = "https://github.com/golangci/golangci-lint/releases/download/v2.11.3/golangci-lint-2.11.3-linux-amd64.tar.gz"

[tools.golangci-lint."platforms.linux-x64-musl"]
checksum = "sha256:87bb8cddbcc825d5778b64e8a91b46c0526b247f4e2f2904dea74ec7450475d1"
url = "https://github.com/golangci/golangci-lint/releases/download/v2.11.3/golangci-lint-2.11.3-linux-amd64.tar.gz"

[tools.golangci-lint."platforms.macos-arm64"]
checksum = "sha256:30ee39979c516b9d1adca289a3f93429d130c4c0fda5e57d637850894221f6cc"
url = "https://github.com/golangci/golangci-lint/releases/download/v2.11.3/golangci-lint-2.11.3-darwin-arm64.tar.gz"

[tools.golangci-lint."platforms.macos-x64"]
checksum = "sha256:f93bda1f2cc981fd1326464020494be62f387bbf262706e1b3b644e5afacc440"
url = "https://github.com/golangci/golangci-lint/releases/download/v2.11.3/golangci-lint-2.11.3-darwin-amd64.tar.gz"

[tools.golangci-lint."platforms.windows-x64"]
checksum = "sha256:cd42e890176bc5cfeb36225a77e66b9410ddd3a59a03551e23f6b210d29e1f67"
url = "https://github.com/golangci/golangci-lint/releases/download/v2.11.3/golangci-lint-2.11.3-windows-amd64.zip"

[[tools.helm]]
version = "3.20.1"
backend = "aqua:helm/helm"

[[tools.java]]
version = "24.0.2"
backend = "core:java"

[[tools.jq]]
version = "1.8.1"
backend = "aqua:jqlang/jq"

[tools.jq."platforms.linux-arm64"]
checksum = "sha256:6bc62f25981328edd3cfcfe6fe51b073f2d7e7710d7ef7fcdac28d4e384fc3d4"
url = "https://github.com/jqlang/jq/releases/download/jq-1.8.1/jq-linux-arm64"

[tools.jq."platforms.linux-arm64-musl"]
checksum = "sha256:6bc62f25981328edd3cfcfe6fe51b073f2d7e7710d7ef7fcdac28d4e384fc3d4"
url = "https://github.com/jqlang/jq/releases/download/jq-1.8.1/jq-linux-arm64"

[tools.jq."platforms.linux-x64"]
checksum = "sha256:020468de7539ce70ef1bceaf7cde2e8c4f2ca6c3afb84642aabc5c97d9fc2a0d"
url = "https://github.com/jqlang/jq/releases/download/jq-1.8.1/jq-linux-amd64"

[tools.jq."platforms.linux-x64-musl"]
checksum = "sha256:020468de7539ce70ef1bceaf7cde2e8c4f2ca6c3afb84642aabc5c97d9fc2a0d"
url = "https://github.com/jqlang/jq/releases/download/jq-1.8.1/jq-linux-amd64"

[tools.jq."platforms.macos-arm64"]
checksum = "sha256:a9fe3ea2f86dfc72f6728417521ec9067b343277152b114f4e98d8cb0e263603"
url = "https://github.com/jqlang/jq/releases/download/jq-1.8.1/jq-macos-arm64"

[tools.jq."platforms.macos-x64"]
checksum = "sha256:e80dbe0d2a2597e3c11c404f03337b981d74b4a8504b70586c354b7697a7c27f"
url = "https://github.com/jqlang/jq/releases/download/jq-1.8.1/jq-macos-amd64"

[tools.jq."platforms.windows-x64"]
checksum = "sha256:23cb60a1354eed6bcc8d9b9735e8c7b388cd1fdcb75726b93bc299ef22dd9334"
url = "https://github.com/jqlang/jq/releases/download/jq-1.8.1/jq-windows-amd64.exe"

[[tools.kubectl]]
version = "1.35.2"
backend = "aqua:kubernetes/kubernetes/kubectl"

[tools.kubectl."platforms.linux-arm64"]
checksum = "sha256:cd859449f54ad2cb05b491c490c13bb836cdd0886ae013c0aed3dd67ff747467"
url = "https://dl.k8s.io/v1.35.2/bin/linux/arm64/kubectl"

[tools.kubectl."platforms.linux-arm64-musl"]
checksum = "sha256:cd859449f54ad2cb05b491c490c13bb836cdd0886ae013c0aed3dd67ff747467"
url = "https://dl.k8s.io/v1.35.2/bin/linux/arm64/kubectl"

[tools.kubectl."platforms.linux-x64"]
checksum = "sha256:924eb50779153f20cb668117d141440b95df2f325a64452d78dff9469145e277"
url = "https://dl.k8s.io/v1.35.2/bin/linux/amd64/kubectl"

[tools.kubectl."platforms.linux-x64-musl"]
checksum = "sha256:924eb50779153f20cb668117d141440b95df2f325a64452d78dff9469145e277"
url = "https://dl.k8s.io/v1.35.2/bin/linux/amd64/kubectl"

[tools.kubectl."platforms.macos-arm64"]
checksum = "sha256:b0b59cdd7ba20ca20b85214943100e578dd50ddd85242fcddf277a87c2249706"
url = "https://dl.k8s.io/v1.35.2/bin/darwin/arm64/kubectl"

[tools.kubectl."platforms.macos-x64"]
checksum = "sha256:163955964d4ed9e66656eab45c0114f5c1110d1b430ace432b20ddc430023df5"
url = "https://dl.k8s.io/v1.35.2/bin/darwin/amd64/kubectl"

[tools.kubectl."platforms.windows-x64"]
checksum = "sha256:a6d02010aae330a3031afe7843747d5a18db59c9f0bca415e45fb24bbdccdd2c"
url = "https://dl.k8s.io/v1.35.2/bin/windows/amd64/kubectl.exe"

[[tools.node]]
version = "16.20.2"
backend = "core:node"

[tools.node."platforms.linux-arm64"]
checksum = "sha256:b6945fcc9ad220386bb814bfae7137189fd17297f2959a744105e1bee006035a"
url = "https://nodejs.org/dist/v16.20.2/node-v16.20.2-linux-arm64.tar.gz"

[tools.node."platforms.linux-arm64-musl"]
checksum = "sha256:b6945fcc9ad220386bb814bfae7137189fd17297f2959a744105e1bee006035a"
url = "https://nodejs.org/dist/v16.20.2/node-v16.20.2-linux-arm64.tar.gz"

[tools.node."platforms.linux-x64"]
checksum = "sha256:c9193e6c414891694759febe846f4f023bf48410a6924a8b1520c46565859665"
url = "https://nodejs.org/dist/v16.20.2/node-v16.20.2-linux-x64.tar.gz"

[tools.node."platforms.linux-x64-musl"]
checksum = "sha256:c9193e6c414891694759febe846f4f023bf48410a6924a8b1520c46565859665"
url = "https://nodejs.org/dist/v16.20.2/node-v16.20.2-linux-x64.tar.gz"

[tools.node."platforms.macos-arm64"]
checksum = "sha256:6a5c4108475871362d742b988566f3fe307f6a67ce14634eb3fbceb4f9eea88c"
url = "https://nodejs.org/dist/v16.20.2/node-v16.20.2-darwin-arm64.tar.gz"

[tools.node."platforms.macos-x64"]
checksum = "sha256:d7a46eaf2b57ffddeda16ece0d887feb2e31a91ad33f8774da553da0249dc4a6"
url = "https://nodejs.org/dist/v16.20.2/node-v16.20.2-darwin-x64.tar.gz"

[tools.node."platforms.windows-x64"]
checksum = "sha256:f8bb35f6c08dc7bf14ac753509c06ed1a7ebf5b390cd3fbdc8f8c1aedd020ec3"
url = "https://nodejs.org/dist/v16.20.2/node-v16.20.2-win-x64.zip"

[[tools.node]]
version = "17.9.1"
backend = "core:node"

[tools.node."platforms.linux-arm64"]
checksum = "sha256:88c65d4ae06f55dfd651ea647640b2ace9fbd469517ea58de8719d4e95618955"
url = "https://nodejs.org/dist/v17.9.1/node-v17.9.1-linux-arm64.tar.gz"

[tools.node."platforms.linux-arm64-musl"]
checksum = "sha256:88c65d4ae06f55dfd651ea647640b2ace9fbd469517ea58de8719d4e95618955"
url = "https://nodejs.org/dist/v17.9.1/node-v17.9.1-linux-arm64.tar.gz"

[tools.node."platforms.linux-x64"]
checksum = "sha256:efa39656f3a9761b5696dbd68efdff3a9be3ce00004171be53250a8a6f120272"
url = "https://nodejs.org/dist/v17.9.1/node-v17.9.1-linux-x64.tar.gz"

[tools.node."platforms.linux-x64-musl"]
checksum = "sha256:efa39656f3a9761b5696dbd68efdff3a9be3ce00004171be53250a8a6f120272"
url = "https://nodejs.org/dist/v17.9.1/node-v17.9.1-linux-x64.tar.gz"

[tools.node."platforms.macos-arm64"]
checksum = "sha256:d6add5bbe10203a76d9ed964a2e5075a45aaf76137dbf3ee772fe6a679a34f36"
url = "https://nodejs.org/dist/v17.9.1/node-v17.9.1-darwin-arm64.tar.gz"

[tools.node."platforms.macos-x64"]
checksum = "sha256:ef8ef450425db95a1e91c1dd4bc6d05ca40bbbbdab9a71f59c5a02e13cc039fb"
url = "https://nodejs.org/dist/v17.9.1/node-v17.9.1-darwin-x64.tar.gz"

[tools.node."platforms.windows-x64"]
checksum = "sha256:cd00754f7e976f767d5ee3eb459103cdf91152d8e8024228fd790b94ddaac278"
url = "https://nodejs.org/dist/v17.9.1/node-v17.9.1-win-x64.zip"

[[tools.node]]
version = "18.20.8"
backend = "core:node"

[tools.node."platforms.linux-arm64"]
checksum = "sha256:2e3dfc51154e6fea9fc86a90c4ea8f3ecb8b60acaf7367c4b76691da192571c1"
url = "https://nodejs.org/dist/v18.20.8/node-v18.20.8-linux-arm64.tar.gz"

[tools.node."platforms.linux-arm64-musl"]
checksum = "sha256:2e3dfc51154e6fea9fc86a90c4ea8f3ecb8b60acaf7367c4b76691da192571c1"
url = "https://nodejs.org/dist/v18.20.8/node-v18.20.8-linux-arm64.tar.gz"

[tools.node."platforms.linux-x64"]
checksum = "sha256:27a9f3f14d5e99ad05a07ed3524ba3ee92f8ff8b6db5ff80b00f9feb5ec8097a"
url = "https://nodejs.org/dist/v18.20.8/node-v18.20.8-linux-x64.tar.gz"

[tools.node."platforms.linux-x64-musl"]
checksum = "sha256:27a9f3f14d5e99ad05a07ed3524ba3ee92f8ff8b6db5ff80b00f9feb5ec8097a"
url = "https://nodejs.org/dist/v18.20.8/node-v18.20.8-linux-x64.tar.gz"

[tools.node."platforms.macos-arm64"]
checksum = "sha256:bae4965d29d29bd32f96364eefbe3bca576a03e917ddbb70b9330d75f2cacd76"
url = "https://nodejs.org/dist/v18.20.8/node-v18.20.8-darwin-arm64.tar.gz"

[tools.node."platforms.macos-x64"]
checksum = "sha256:ed2554677188f4afc0d050ecd8bd56effb2572d6518f8da6d40321ede6698509"
url = "https://nodejs.org/dist/v18.20.8/node-v18.20.8-darwin-x64.tar.gz"

[tools.node."platforms.windows-x64"]
checksum = "sha256:1a1e40260a6facba83636e4cd0ba01eb5bd1386896824b36645afba44857384a"
url = "https://nodejs.org/dist/v18.20.8/node-v18.20.8-win-x64.zip"

[[tools.node]]
version = "19.9.0"
backend = "core:node"

[tools.node."platforms.linux-arm64"]
checksum = "sha256:1ebddd6ac062270ac895233b78eb0feabc5fd08ea88502dfede626f4a1b4b037"
url = "https://nodejs.org/dist/v19.9.0/node-v19.9.0-linux-arm64.tar.gz"

[tools.node."platforms.linux-arm64-musl"]
checksum = "sha256:1ebddd6ac062270ac895233b78eb0feabc5fd08ea88502dfede626f4a1b4b037"
url = "https://nodejs.org/dist/v19.9.0/node-v19.9.0-linux-arm64.tar.gz"

[tools.node."platforms.linux-x64"]
checksum = "sha256:15168a298d150335c098f19449f9baef0b0758466723fafc23ef209156dae604"
url = "https://nodejs.org/dist/v19.9.0/node-v19.9.0-linux-x64.tar.gz"

[tools.node."platforms.linux-x64-musl"]
checksum = "sha256:15168a298d150335c098f19449f9baef0b0758466723fafc23ef209156dae604"
url = "https://nodejs.org/dist/v19.9.0/node-v19.9.0-linux-x64.tar.gz"

[tools.node."platforms.macos-arm64"]
checksum = "sha256:13f7f0e57a2123e55a3172b65e08bc2a51fb52bf366a83d7dda12456ebdc3da0"
url = "https://nodejs.org/dist/v19.9.0/node-v19.9.0-darwin-arm64.tar.gz"

[tools.node."platforms.macos-x64"]
checksum = "sha256:4f1a5b72ef0bcb6757e5daaf3fcf2c26fa35dc5d5fdff7692b63775ed51934a4"
url = "https://nodejs.org/dist/v19.9.0/node-v19.9.0-darwin-x64.tar.gz"

[tools.node."platforms.windows-x64"]
checksum = "sha256:589f7880af8de21ee371de8c06a85b5e996d049bf499fbac1245fb10b441e504"
url = "https://nodejs.org/dist/v19.9.0/node-v19.9.0-win-x64.zip"

[[tools.node]]
version = "20.20.1"
backend = "core:node"

[tools.node."platforms.linux-arm64"]
checksum = "sha256:d6947e10ddc124284aee92981cc739cd4581a6b4bf89520792f2b582600195fa"
url = "https://nodejs.org/dist/v20.20.1/node-v20.20.1-linux-arm64.tar.gz"

[tools.node."platforms.linux-arm64-musl"]
checksum = "sha256:d6947e10ddc124284aee92981cc739cd4581a6b4bf89520792f2b582600195fa"
url = "https://nodejs.org/dist/v20.20.1/node-v20.20.1-linux-arm64.tar.gz"

[tools.node."platforms.linux-x64"]
checksum = "sha256:6362e50804cdcc110592201f67beda93bcd702fdcbe1c42840a50d590e3af0ce"
url = "https://nodejs.org/dist/v20.20.1/node-v20.20.1-linux-x64.tar.gz"

[tools.node."platforms.linux-x64-musl"]
checksum = "sha256:6362e50804cdcc110592201f67beda93bcd702fdcbe1c42840a50d590e3af0ce"
url = "https://nodejs.org/dist/v20.20.1/node-v20.20.1-linux-x64.tar.gz"

[tools.node."platforms.macos-arm64"]
checksum = "sha256:36c5ef36d955995ea2dea700b16b8e79bedeb1ecb4569e77ddc8fc739aa56bac"
url = "https://nodejs.org/dist/v20.20.1/node-v20.20.1-darwin-arm64.tar.gz"

[tools.node."platforms.macos-x64"]
checksum = "sha256:ea8d2cd7280d935232bae5456704843aa50cf452e10b95abd92a721db6496965"
url = "https://nodejs.org/dist/v20.20.1/node-v20.20.1-darwin-x64.tar.gz"

[tools.node."platforms.windows-x64"]
checksum = "sha256:499e886ed617abb37d5e3a2b87a3f737e3c673b146361fb5ee70d08d7fdf6d2b"
url = "https://nodejs.org/dist/v20.20.1/node-v20.20.1-win-x64.zip"

[[tools.node]]
version = "24.14.0"
backend = "core:node"

[tools.node."platforms.linux-arm64"]
checksum = "sha256:f44740cd218de8127f1c44c41510a3a740fa5c9c8d1cdce1c3bedada79f3cde7"
url = "https://nodejs.org/dist/v24.14.0/node-v24.14.0-linux-arm64.tar.gz"

[tools.node."platforms.linux-arm64-musl"]
checksum = "sha256:f44740cd218de8127f1c44c41510a3a740fa5c9c8d1cdce1c3bedada79f3cde7"
url = "https://nodejs.org/dist/v24.14.0/node-v24.14.0-linux-arm64.tar.gz"

[tools.node."platforms.linux-x64"]
checksum = "sha256:dbf5b8665dec15e59e6359a517fefb47b23fdb9152d8def975b9bca3dfc6d355"
url = "https://nodejs.org/dist/v24.14.0/node-v24.14.0-linux-x64.tar.gz"

[tools.node."platforms.linux-x64-musl"]
checksum = "sha256:dbf5b8665dec15e59e6359a517fefb47b23fdb9152d8def975b9bca3dfc6d355"
url = "https://nodejs.org/dist/v24.14.0/node-v24.14.0-linux-x64.tar.gz"

[tools.node."platforms.macos-arm64"]
checksum = "sha256:a1a54f46a750d2523d628d924aab61758a51c9dad3e0238beb14141be9615dd3"
url = "https://nodejs.org/dist/v24.14.0/node-v24.14.0-darwin-arm64.tar.gz"

[tools.node."platforms.macos-x64"]
checksum = "sha256:f2879eb810e25993a0578e5d878930266fd2eafcffe9f2839b3d8db354d4879e"
url = "https://nodejs.org/dist/v24.14.0/node-v24.14.0-darwin-x64.tar.gz"

[tools.node."platforms.windows-x64"]
checksum = "sha256:313fa40c0d7b18575821de8cb17483031fe07d95de5994f6f435f3b345f85c66"
url = "https://nodejs.org/dist/v24.14.0/node-v24.14.0-win-x64.zip"

[[tools."npm:@github/copilot"]]
version = "1.0.3"
backend = "npm:@github/copilot"

[[tools."npm:@google/gemini-cli"]]
version = "0.32.1"
backend = "npm:@google/gemini-cli"

[[tools."npm:@mermaid-js/mermaid-cli"]]
version = "11.12.0"
backend = "npm:@mermaid-js/mermaid-cli"

[[tools."npm:@zed-industries/claude-agent-acp"]]
version = "0.21.0"
backend = "npm:@zed-industries/claude-agent-acp"

[[tools."npm:@zed-industries/claude-code-acp"]]
version = "0.16.2"
backend = "npm:@zed-industries/claude-code-acp"

[[tools."npm:@zed-industries/codex-acp"]]
version = "0.9.5"
backend = "npm:@zed-industries/codex-acp"

[[tools."npm:jwt-cli"]]
version = "2.0.0"
backend = "npm:jwt-cli"

[[tools."npm:mcp-hub"]]
version = "4.2.1"
backend = "npm:mcp-hub"

[[tools."npm:opencode-ai"]]
version = "1.2.24"
backend = "npm:opencode-ai"

[[tools."npm:tree-sitter-cli"]]
version = "0.26.6"
backend = "npm:tree-sitter-cli"

[[tools."pipx:beets"]]
version = "2.7.1"
backend = "pipx:beets"

[tools."pipx:beets".options]
extras = "scrub,chroma"

[[tools."pipx:oraios/serena"]]
version = "v0.1.4"
backend = "pipx:oraios/serena"

[[tools.python]]
version = "2.7.18"
backend = "core:python"

[[tools.python]]
version = "3.14.3"
backend = "core:python"

[tools.python."platforms.linux-arm64"]
checksum = "sha256:be0f4dc2932f762292b27d46ea7d3e8e66ddf3969a5eb0254a229015ed402625"
url = "https://github.com/astral-sh/python-build-standalone/releases/download/20260303/cpython-3.14.3+20260303-aarch64-unknown-linux-gnu-install_only_stripped.tar.gz"

[tools.python."platforms.linux-arm64-musl"]
checksum = "sha256:be0f4dc2932f762292b27d46ea7d3e8e66ddf3969a5eb0254a229015ed402625"
url = "https://github.com/astral-sh/python-build-standalone/releases/download/20260303/cpython-3.14.3+20260303-aarch64-unknown-linux-gnu-install_only_stripped.tar.gz"

[tools.python."platforms.linux-x64"]
checksum = "sha256:0a73413f89efd417871876c9accaab28a9d1e3cd6358fbfff171a38ec99302f0"
url = "https://github.com/astral-sh/python-build-standalone/releases/download/20260303/cpython-3.14.3+20260303-x86_64-unknown-linux-gnu-install_only_stripped.tar.gz"

[tools.python."platforms.linux-x64-musl"]
checksum = "sha256:0a73413f89efd417871876c9accaab28a9d1e3cd6358fbfff171a38ec99302f0"
url = "https://github.com/astral-sh/python-build-standalone/releases/download/20260303/cpython-3.14.3+20260303-x86_64-unknown-linux-gnu-install_only_stripped.tar.gz"

[tools.python."platforms.macos-arm64"]
checksum = "sha256:4703cdf18b26798fde7b49b6b66149674c25f97127be6a10dbcf29309bdcdcdb"
url = "https://github.com/astral-sh/python-build-standalone/releases/download/20260303/cpython-3.14.3+20260303-aarch64-apple-darwin-install_only_stripped.tar.gz"

[tools.python."platforms.macos-x64"]
checksum = "sha256:76f1cc26e3d262eae8ca546a93e8bded10cf0323613f7e246fea2e10a8115eb7"
url = "https://github.com/astral-sh/python-build-standalone/releases/download/20260303/cpython-3.14.3+20260303-x86_64-apple-darwin-install_only_stripped.tar.gz"

[tools.python."platforms.windows-x64"]
checksum = "sha256:950c5f21a015c1bdd1337f233456df2470fab71e4d794407d27a84cb8b9909a0"
url = "https://github.com/astral-sh/python-build-standalone/releases/download/20260303/cpython-3.14.3+20260303-x86_64-pc-windows-msvc-install_only_stripped.tar.gz"

[[tools.ripgrep]]
version = "15.1.0"
backend = "aqua:BurntSushi/ripgrep"

[tools.ripgrep."platforms.linux-arm64"]
checksum = "sha256:2b661c6ef508e902f388e9098d9c4c5aca72c87b55922d94abdba830b4dc885e"
url = "https://github.com/BurntSushi/ripgrep/releases/download/15.1.0/ripgrep-15.1.0-aarch64-unknown-linux-gnu.tar.gz"

[tools.ripgrep."platforms.linux-arm64-musl"]
checksum = "sha256:2b661c6ef508e902f388e9098d9c4c5aca72c87b55922d94abdba830b4dc885e"
url = "https://github.com/BurntSushi/ripgrep/releases/download/15.1.0/ripgrep-15.1.0-aarch64-unknown-linux-gnu.tar.gz"

[tools.ripgrep."platforms.linux-x64"]
checksum = "sha256:1c9297be4a084eea7ecaedf93eb03d058d6faae29bbc57ecdaf5063921491599"
url = "https://github.com/BurntSushi/ripgrep/releases/download/15.1.0/ripgrep-15.1.0-x86_64-unknown-linux-musl.tar.gz"

[tools.ripgrep."platforms.linux-x64-musl"]
checksum = "sha256:1c9297be4a084eea7ecaedf93eb03d058d6faae29bbc57ecdaf5063921491599"
url = "https://github.com/BurntSushi/ripgrep/releases/download/15.1.0/ripgrep-15.1.0-x86_64-unknown-linux-musl.tar.gz"

[tools.ripgrep."platforms.macos-arm64"]
checksum = "sha256:378e973289176ca0c6054054ee7f631a065874a352bf43f0fa60ef079b6ba715"
url = "https://github.com/BurntSushi/ripgrep/releases/download/15.1.0/ripgrep-15.1.0-aarch64-apple-darwin.tar.gz"

[tools.ripgrep."platforms.macos-x64"]
checksum = "sha256:64811cb24e77cac3057d6c40b63ac9becf9082eedd54ca411b475b755d334882"
url = "https://github.com/BurntSushi/ripgrep/releases/download/15.1.0/ripgrep-15.1.0-x86_64-apple-darwin.tar.gz"

[tools.ripgrep."platforms.windows-x64"]
checksum = "sha256:124510b94b6baa3380d051fdf4650eaa80a302c876d611e9dba0b2e18d87493a"
url = "https://github.com/BurntSushi/ripgrep/releases/download/15.1.0/ripgrep-15.1.0-x86_64-pc-windows-msvc.zip"

[[tools.starship]]
version = "1.24.2"
backend = "aqua:starship/starship"

[tools.starship."platforms.linux-arm64"]
checksum = "sha256:56b9ff412bbf374d29b99e5ac09a849124cb37a0a13121e8470df32de53c1ea6"
url = "https://github.com/starship/starship/releases/download/v1.24.2/starship-aarch64-unknown-linux-musl.tar.gz"

[tools.starship."platforms.linux-arm64-musl"]
checksum = "sha256:56b9ff412bbf374d29b99e5ac09a849124cb37a0a13121e8470df32de53c1ea6"
url = "https://github.com/starship/starship/releases/download/v1.24.2/starship-aarch64-unknown-linux-musl.tar.gz"

[tools.starship."platforms.linux-x64"]
checksum = "sha256:00ff3c1f8ffb59b5c15d4b44c076bcca04d92cf0055c86b916248c14f3ae714a"
url = "https://github.com/starship/starship/releases/download/v1.24.2/starship-x86_64-unknown-linux-musl.tar.gz"

[tools.starship."platforms.linux-x64-musl"]
checksum = "sha256:00ff3c1f8ffb59b5c15d4b44c076bcca04d92cf0055c86b916248c14f3ae714a"
url = "https://github.com/starship/starship/releases/download/v1.24.2/starship-x86_64-unknown-linux-musl.tar.gz"

[tools.starship."platforms.macos-arm64"]
checksum = "sha256:d3a0da21374962625a2ee992110979bc1fa33424d7b6aea58a70405e26544fd9"
url = "https://github.com/starship/starship/releases/download/v1.24.2/starship-aarch64-apple-darwin.tar.gz"

[tools.starship."platforms.macos-x64"]
checksum = "sha256:237beb10cc970c4361536e9f9f434dfed755f8282c5cd951b6a7e3fcbda8e779"
url = "https://github.com/starship/starship/releases/download/v1.24.2/starship-x86_64-apple-darwin.tar.gz"

[tools.starship."platforms.windows-x64"]
checksum = "sha256:d38424c595320e9639a276666347d5e44cb004de3972f40b9a5a1a6b88537f29"
url = "https://github.com/starship/starship/releases/download/v1.24.2/starship-x86_64-pc-windows-msvc.zip"

[[tools.terraform]]
version = "1.14.6"
backend = "aqua:hashicorp/terraform"

[tools.terraform."platforms.linux-arm64"]
checksum = "sha256:190037f64695556ac75965c00da5d85b3663f38553d909e9a51c4490cba4b6c1"
url = "https://releases.hashicorp.com/terraform/1.14.6/terraform_1.14.6_linux_arm64.zip"

[tools.terraform."platforms.linux-arm64-musl"]
checksum = "sha256:190037f64695556ac75965c00da5d85b3663f38553d909e9a51c4490cba4b6c1"
url = "https://releases.hashicorp.com/terraform/1.14.6/terraform_1.14.6_linux_arm64.zip"

[tools.terraform."platforms.linux-x64"]
checksum = "sha256:364c6ee08b0cb8fcbb28a115aacb2aa48e88abc56c149170bd65c2f75d98ea8d"
url = "https://releases.hashicorp.com/terraform/1.14.6/terraform_1.14.6_linux_amd64.zip"

[tools.terraform."platforms.linux-x64-musl"]
checksum = "sha256:364c6ee08b0cb8fcbb28a115aacb2aa48e88abc56c149170bd65c2f75d98ea8d"
url = "https://releases.hashicorp.com/terraform/1.14.6/terraform_1.14.6_linux_amd64.zip"

[tools.terraform."platforms.macos-arm64"]
checksum = "sha256:5d91a8d6877e792de00be8db2324a2561edeb312ec2ff141b877131b82622c76"
url = "https://releases.hashicorp.com/terraform/1.14.6/terraform_1.14.6_darwin_arm64.zip"

[tools.terraform."platforms.macos-x64"]
checksum = "sha256:ae13b4d204b00a0742f13a3de78a78994918f31333b1537db682cd0a7085dac0"
url = "https://releases.hashicorp.com/terraform/1.14.6/terraform_1.14.6_darwin_amd64.zip"

[tools.terraform."platforms.windows-x64"]
checksum = "sha256:94e9be396dffde19df74744000fe3f5522546048bc81b5604a02328ac7eb1ab5"
url = "https://releases.hashicorp.com/terraform/1.14.6/terraform_1.14.6_windows_amd64.zip"

[[tools.usage]]
version = "2.18.2"
backend = "aqua:jdx/usage"

[tools.usage."platforms.linux-arm64"]
checksum = "sha256:7476160b4ad9cc04885b3ffbe3500d0763acd0b20e49cc75142786f175e8c5f0"
url = "https://github.com/jdx/usage/releases/download/v2.18.2/usage-aarch64-unknown-linux-musl.tar.gz"

[tools.usage."platforms.linux-arm64-musl"]
checksum = "sha256:7476160b4ad9cc04885b3ffbe3500d0763acd0b20e49cc75142786f175e8c5f0"
url = "https://github.com/jdx/usage/releases/download/v2.18.2/usage-aarch64-unknown-linux-musl.tar.gz"

[tools.usage."platforms.linux-x64"]
checksum = "sha256:0aee30563efbca157ec6cd8ae2c6f33c5caee6b51e0ddbf66b3b0c3fb9e4c17b"
url = "https://github.com/jdx/usage/releases/download/v2.18.2/usage-x86_64-unknown-linux-musl.tar.gz"

[tools.usage."platforms.linux-x64-musl"]
checksum = "sha256:0aee30563efbca157ec6cd8ae2c6f33c5caee6b51e0ddbf66b3b0c3fb9e4c17b"
url = "https://github.com/jdx/usage/releases/download/v2.18.2/usage-x86_64-unknown-linux-musl.tar.gz"

[tools.usage."platforms.macos-arm64"]
checksum = "sha256:6e316f2f5d821e10a6c3dbe6c02dbacb1f0079474a308b9e854912b9cca29d3f"
url = "https://github.com/jdx/usage/releases/download/v2.18.2/usage-universal-apple-darwin.tar.gz"

[tools.usage."platforms.macos-x64"]
checksum = "sha256:6e316f2f5d821e10a6c3dbe6c02dbacb1f0079474a308b9e854912b9cca29d3f"
url = "https://github.com/jdx/usage/releases/download/v2.18.2/usage-universal-apple-darwin.tar.gz"

[tools.usage."platforms.windows-x64"]
checksum = "sha256:a98a55a60d536758d6372e4813dc21698afb7c562eb3c78b0769f232b2bcc9b3"
url = "https://github.com/jdx/usage/releases/download/v2.18.2/usage-x86_64-pc-windows-msvc.zip"

[[tools.uv]]
version = "0.10.9"
backend = "aqua:astral-sh/uv"

[tools.uv."platforms.linux-arm64"]
checksum = "sha256:05b0d3087e913ebe11756365a90dd47c05d6728752fdbe129ad4c3ccd769826d"
url = "https://github.com/astral-sh/uv/releases/download/0.10.9/uv-aarch64-unknown-linux-musl.tar.gz"

[tools.uv."platforms.linux-arm64-musl"]
checksum = "sha256:05b0d3087e913ebe11756365a90dd47c05d6728752fdbe129ad4c3ccd769826d"
url = "https://github.com/astral-sh/uv/releases/download/0.10.9/uv-aarch64-unknown-linux-musl.tar.gz"

[tools.uv."platforms.linux-x64"]
checksum = "sha256:433e56874739e92c7cfd661ba9e5f287b376ca612c08c8194a41a98a13158aea"
url = "https://github.com/astral-sh/uv/releases/download/0.10.9/uv-x86_64-unknown-linux-musl.tar.gz"

[tools.uv."platforms.linux-x64-musl"]
checksum = "sha256:433e56874739e92c7cfd661ba9e5f287b376ca612c08c8194a41a98a13158aea"
url = "https://github.com/astral-sh/uv/releases/download/0.10.9/uv-x86_64-unknown-linux-musl.tar.gz"

[tools.uv."platforms.macos-arm64"]
checksum = "sha256:a92f61e9ac9b0f29668c15f56152e4a60143fca148ff5bfadb86718472c3f376"
url = "https://github.com/astral-sh/uv/releases/download/0.10.9/uv-aarch64-apple-darwin.tar.gz"

[tools.uv."platforms.macos-x64"]
checksum = "sha256:9cc2de7d195fa157f98b306a8a1cb151ded93f488939b93363cebc8b9d598c28"
url = "https://github.com/astral-sh/uv/releases/download/0.10.9/uv-x86_64-apple-darwin.tar.gz"

[tools.uv."platforms.windows-x64"]
checksum = "sha256:f58dc40896000229db7c52b8bdd931394040ef2ad59abd1eda841f6d70b13d7a"
url = "https://github.com/astral-sh/uv/releases/download/0.10.9/uv-x86_64-pc-windows-msvc.zip"
