lockfileVersion: '9.0'

settings:
  autoInstallPeers: true
  excludeLinksFromLockfile: false

importers:

  .:
    dependencies:
      '@google/gemini-cli':
        specifier: 0.59.0
        version: 0.59.0

packages:

  '@github/keytar@7.10.6':
    resolution: {integrity: sha512-mRW6cUsSG+nj4jp5gp8e91zPySaT73r+2JM6VyMZfrEgksjPmjSMr+tPGNOK3HUHV+GUU9B1LAiiYy/wmAnIxA==}

  '@google/gemini-cli@0.59.0':
    resolution: {integrity: sha512-RHcjpQEMwVkrWz75mEFsuMuM0JRVJgzLQzkGhEY6SE0KjwOWFA1wYKTUqpzDUHprcE2mgcTActyd4ihVdC2dpg==}
    engines: {node: '>=20'}
    hasBin: true

  '@lydell/node-pty-darwin-arm64@1.1.0':
    resolution: {integrity: sha512-7kFD+owAA61qmhJCtoMbqj3Uvff3YHDiU+4on5F2vQdcMI3MuwGi7dM6MkFG/yuzpw8LF2xULpL71tOPUfxs0w==}
    cpu: [arm64]
    os: [darwin]

  '@lydell/node-pty-darwin-x64@1.1.0':
    resolution: {integrity: sha512-XZdvqj5FjAMjH8bdp0YfaZjur5DrCIDD1VYiE9EkkYVMDQqRUPHYV3U8BVEQVT9hYfjmpr7dNaELF2KyISWSNA==}
    cpu: [x64]
    os: [darwin]

  '@lydell/node-pty-linux-arm64@1.1.0':
    resolution: {integrity: sha512-yyDBmalCfHpLiQMT2zyLcqL2Fay4Xy7rIs8GH4dqKLnEviMvPGOK7LADVkKAsbsyXBSISL3Lt1m1MtxhPH6ckg==}
    cpu: [arm64]
    os: [linux]

  '@lydell/node-pty-linux-x64@1.1.0':
    resolution: {integrity: sha512-NcNqRTD14QT+vXcEuqSSvmWY+0+WUBn2uRE8EN0zKtDpIEr9d+YiFj16Uqds6QfcLCHfZmC+Ls7YzwTaqDnanA==}
    cpu: [x64]
    os: [linux]

  '@lydell/node-pty-win32-arm64@1.1.0':
    resolution: {integrity: sha512-JOMbCou+0fA7d/m97faIIfIU0jOv8sn2OR7tI45u3AmldKoKoLP8zHY6SAvDDnI3fccO1R2HeR1doVjpS7HM0w==}
    cpu: [arm64]
    os: [win32]

  '@lydell/node-pty-win32-x64@1.1.0':
    resolution: {integrity: sha512-3N56BZ+WDFnUMYRtsrr7Ky2mhWGl9xXcyqR6cexfuCqcz9RNWL+KoXRv/nZylY5dYaXkft4JaR1uVu+roiZDAw==}
    cpu: [x64]
    os: [win32]

  '@lydell/node-pty@1.1.0':
    resolution: {integrity: sha512-VDD8LtlMTOrPKWMXUAcB9+LTktzuunqrMwkYR1DMRBkS6LQrCt+0/Ws1o2rMml/n3guePpS7cxhHF7Nm5K4iMw==}

  nan@2.28.0:
    resolution: {integrity: sha512-fTsDz99OTq2sVePhGdp4qQhggZFtKr64ZNVyVajRKtMOkJxYekplBh577PiJB12v/D3s2E5cGtOI45LWp6rnLQ==}

  node-addon-api@8.9.2:
    resolution: {integrity: sha512-VijLXbi3UACN69I0JVXJsX4tjACjNoQDgv2gTF6sx2wWEi8tkSg2eX8p5gSIFi8z2+DL3oHmY6OyKce38SDolg==}
    engines: {node: ^18 || ^20 || >= 21}

  node-pty@1.0.0:
    resolution: {integrity: sha512-wtBMWWS7dFZm/VgqElrTvtfMq4GzJ6+edFI0Y0zyzygUSZMgZdraDUMUhCIvkjhJjme15qWmbyJbtAx4ot4uZA==}

snapshots:

  '@github/keytar@7.10.6':
    dependencies:
      node-addon-api: 8.9.2
    optional: true

  '@google/gemini-cli@0.59.0':
    optionalDependencies:
      '@github/keytar': 7.10.6
      '@lydell/node-pty': 1.1.0
      '@lydell/node-pty-darwin-arm64': 1.1.0
      '@lydell/node-pty-darwin-x64': 1.1.0
      '@lydell/node-pty-linux-x64': 1.1.0
      '@lydell/node-pty-win32-arm64': 1.1.0
      '@lydell/node-pty-win32-x64': 1.1.0
      node-pty: 1.0.0

  '@lydell/node-pty-darwin-arm64@1.1.0':
    optional: true

  '@lydell/node-pty-darwin-x64@1.1.0':
    optional: true

  '@lydell/node-pty-linux-arm64@1.1.0':
    optional: true

  '@lydell/node-pty-linux-x64@1.1.0':
    optional: true

  '@lydell/node-pty-win32-arm64@1.1.0':
    optional: true

  '@lydell/node-pty-win32-x64@1.1.0':
    optional: true

  '@lydell/node-pty@1.1.0':
    optionalDependencies:
      '@lydell/node-pty-darwin-arm64': 1.1.0
      '@lydell/node-pty-darwin-x64': 1.1.0
      '@lydell/node-pty-linux-arm64': 1.1.0
      '@lydell/node-pty-linux-x64': 1.1.0
      '@lydell/node-pty-win32-arm64': 1.1.0
      '@lydell/node-pty-win32-x64': 1.1.0
    optional: true

  nan@2.28.0:
    optional: true

  node-addon-api@8.9.2:
    optional: true

  node-pty@1.0.0:
    dependencies:
      nan: 2.28.0
    optional: true
