lockfileVersion: '9.0'

settings:
  autoInstallPeers: true
  excludeLinksFromLockfile: false

importers:

  .:
    dependencies:
      opencode-ai:
        specifier: 1.18.30
        version: 1.18.30

packages:

  opencode-ai@1.18.30:
    resolution: {integrity: sha512-oLcOLQE4XzDKy6T5L5d1RdVJvXHXwVlD4hRF5V317JbUQorrl2EyDdGZk5kbgv675J9FXp8usg92MZbEWhh6gQ==}
    cpu: [arm64, x64]
    os: [darwin, linux, win32]
    hasBin: true

  opencode-darwin-arm64@1.18.30:
    resolution: {integrity: sha512-KO4FJGZpgmSz+NNQ6PizynT5qAzVfoZI5HJLpyD0tYNqePPu87g2/UgVmNW663Bock2r75koLZFjR5waZiFiqw==}
    cpu: [arm64]
    os: [darwin]

  opencode-darwin-x64-baseline@1.18.30:
    resolution: {integrity: sha512-DMQWRe9blvI+639fcwqG+JUxppTOVrPyasMF/uWhTi5N+5veXpB1K/wV15D8Lz7uqblH/CE7apxroaz/E7vudA==}
    cpu: [x64]
    os: [darwin]

  opencode-darwin-x64@1.18.30:
    resolution: {integrity: sha512-VW9LBLU1Y8GQICT2gAIzL1syK8ac5/BFaSHB6vtVetQuwBE/NKZkAKq4VBVn/87cdkFA645AVnZrUy3SLqdkwA==}
    cpu: [x64]
    os: [darwin]

  opencode-linux-arm64-musl@1.18.30:
    resolution: {integrity: sha512-IQedvhqaisv886gwk3bR603fPTErdExQa0z3hmqi7waIeuSsQG9B+suhg6iaD74lmxMbYMRlPlg4kIioytiHGg==}
    cpu: [arm64]
    os: [linux]
    libc: [musl]

  opencode-linux-arm64@1.18.30:
    resolution: {integrity: sha512-KU2VO9oGRhV3M9LCYJXeBBtadIIgJYf620KMHFeghrGL0967Zz7PAcMBFZqTy7gUqNEnMaqOqAkSGx57BIw41Q==}
    cpu: [arm64]
    os: [linux]

  opencode-linux-x64-baseline-musl@1.18.30:
    resolution: {integrity: sha512-8VAJb4VnNP6MbqWHMDMUwJ5k47tb5SPDqM0lcsCgfbeGjDy7rgFtlA8PYSgUgA9VTByBWmpfERR/34VVOHe82g==}
    cpu: [x64]
    os: [linux]
    libc: [musl]

  opencode-linux-x64-baseline@1.18.30:
    resolution: {integrity: sha512-//sHZuMaNZXo6fzBtgUI5vf1oXiMX9Un2a2R3AUzajRahuW42+98wg9J33uuICblE3RS6G4HxobrvnWA8mr4VA==}
    cpu: [x64]
    os: [linux]

  opencode-linux-x64-musl@1.18.30:
    resolution: {integrity: sha512-7LeMsIfPu1/sEVAUCXRCAk1htCKdRKmrPR5lQvG9NCkxoerpQE6m89eJTRqDQrYWUcHWtVmqo0fwdHdR4MnYcA==}
    cpu: [x64]
    os: [linux]
    libc: [musl]

  opencode-linux-x64@1.18.30:
    resolution: {integrity: sha512-qiJz71TAZjV24Lo0mh3HgHMAZSrAPLEn7ld6H540ub0hLc0XA2Pa2YhZxjn1K845azojLv8Ek+zpK6384VbU/w==}
    cpu: [x64]
    os: [linux]

  opencode-windows-arm64@1.18.30:
    resolution: {integrity: sha512-NLnAzRNqv+6ebLeK5DBGRcN6Fk3PM4STXyrp+IuI8w2WNLJ6JbIk7xxTfbMsrO+CBEV88DCurFOKHB4dpDBaYQ==}
    cpu: [arm64]
    os: [win32]

  opencode-windows-x64-baseline@1.18.30:
    resolution: {integrity: sha512-BaqwQxA2TWBUNKsmrDoTF1gg3x6lbt7vA4WluRNuT6GuuJJhQ+lJzOTk2G9tqp4bMybR31p5zXAmPf9JwHP2GA==}
    cpu: [x64]
    os: [win32]

  opencode-windows-x64@1.18.30:
    resolution: {integrity: sha512-E00yRyUDQvdmf8AYQNYDYgZuLkWW0mBqBrACHPwfCCBZdyC8Sa4nUtQq27nAIOPAp2jfyrpH3WJBxT2GVpT42w==}
    cpu: [x64]
    os: [win32]

snapshots:

  opencode-ai@1.18.30:
    optionalDependencies:
      opencode-darwin-arm64: 1.18.30
      opencode-darwin-x64: 1.18.30
      opencode-darwin-x64-baseline: 1.18.30
      opencode-linux-arm64: 1.18.30
      opencode-linux-arm64-musl: 1.18.30
      opencode-linux-x64: 1.18.30
      opencode-linux-x64-baseline: 1.18.30
      opencode-linux-x64-baseline-musl: 1.18.30
      opencode-linux-x64-musl: 1.18.30
      opencode-windows-arm64: 1.18.30
      opencode-windows-x64: 1.18.30
      opencode-windows-x64-baseline: 1.18.30

  opencode-darwin-arm64@1.18.30:
    optional: true

  opencode-darwin-x64-baseline@1.18.30:
    optional: true

  opencode-darwin-x64@1.18.30:
    optional: true

  opencode-linux-arm64-musl@1.18.30:
    optional: true

  opencode-linux-arm64@1.18.30:
    optional: true

  opencode-linux-x64-baseline-musl@1.18.30:
    optional: true

  opencode-linux-x64-baseline@1.18.30:
    optional: true

  opencode-linux-x64-musl@1.18.30:
    optional: true

  opencode-linux-x64@1.18.30:
    optional: true

  opencode-windows-arm64@1.18.30:
    optional: true

  opencode-windows-x64-baseline@1.18.30:
    optional: true

  opencode-windows-x64@1.18.30:
    optional: true
